
Microsoft Visual Studio Solution File, Format Version 12.00
# Visual Studio 15
VisualStudioVersion = 15.0.26730.10
MinimumVisualStudioVersion = 10.0.40219.1
Project("{FAE04EC0-301F-11D3-BF4B-00C04F79EFBC}") = "HangMan.Android", "HangMan\HangMan.Android\HangMan.Android.csproj", "{5A10C21C-8B0C-4FA0-83B0-9C37CC15EF4D}"
EndProject
Project("{FAE04EC0-301F-11D3-BF4B-00C04F79EFBC}") = "HangMan.Forms", "HangMan\HangMan\HangMan.Forms.csproj", "{D813C023-D27A-4217-9230-4658C4DFFD7F}"
EndProject
Project("{FAE04EC0-301F-11D3-BF4B-00C04F79EFBC}") = "HangMan.UWP", "HangMan\HangMan.UWP\HangMan.UWP.csproj", "{20778533-37FC-40F5-AECB-A579929A2C5F}"
EndProject
Project("{FAE04EC0-301F-11D3-BF4B-00C04F79EFBC}") = "HangMan.iOS", "HangMan\HangMan.iOS\HangMan.iOS.csproj", "{69A89850-C510-4842-86F8-FAD6DB6B8655}"
EndProject
Project("{FAE04EC0-301F-11D3-BF4B-00C04F79EFBC}") = "HangMan.ViewModels", "HangMan\HangMan.ViewModels\HangMan.ViewModels.csproj", "{C7232A4E-4725-46DB-9061-849F793A0146}"
EndProject
Project("{FAE04EC0-301F-11D3-BF4B-00C04F79EFBC}") = "HangMan.Service", "HangMan\HangMan.Service\HangMan.Service.csproj", "{110C8C56-7E8F-4709-A265-3695712D277A}"
EndProject
Project("{FAE04EC0-301F-11D3-BF4B-00C04F79EFBC}") = "HangMan.Data", "HangMan\HangMan.Data\HangMan.Data.csproj", "{F7B26B49-1283-4560-B988-3BC370DC0C0B}"
EndProject
Project("{2150E333-8FDC-42A3-9474-1A3956D46DE8}") = "Common", "Common", "{2094F4F7-D1EA-480A-953F-36136C431FFB}"
EndProject
Project("{2150E333-8FDC-42A3-9474-1A3956D46DE8}") = "Target", "Target", "{8B32F5A7-1024-49F4-83DA-A200E2452E86}"
EndProject
Project("{FAE04EC0-301F-11D3-BF4B-00C04F79EFBC}") = "HangMan.Model", "HangMan\HangMan.Model\HangMan.Model.csproj", "{B53B5FF6-9DB2-48FC-A1E8-676472597073}"
EndProject
Project("{FAE04EC0-301F-11D3-BF4B-00C04F79EFBC}") = "HangMan.DependencyInterface", "HangMan\HangMan.DependencyInterface\HangMan.DependencyInterface.csproj", "{8C77C2B3-84CF-4294-8745-416B80482CD0}"
EndProject
Global
	GlobalSection(SolutionConfigurationPlatforms) = preSolution
		Ad-Hoc|Any CPU = Ad-Hoc|Any CPU
		Ad-Hoc|ARM = Ad-Hoc|ARM
		Ad-Hoc|iPhone = Ad-Hoc|iPhone
		Ad-Hoc|iPhoneSimulator = Ad-Hoc|iPhoneSimulator
		Ad-Hoc|x64 = Ad-Hoc|x64
		Ad-Hoc|x86 = Ad-Hoc|x86
		AppStore|Any CPU = AppStore|Any CPU
		AppStore|ARM = AppStore|ARM
		AppStore|iPhone = AppStore|iPhone
		AppStore|iPhoneSimulator = AppStore|iPhoneSimulator
		AppStore|x64 = AppStore|x64
		AppStore|x86 = AppStore|x86
		Debug|Any CPU = Debug|Any CPU
		Debug|ARM = Debug|ARM
		Debug|iPhone = Debug|iPhone
		Debug|iPhoneSimulator = Debug|iPhoneSimulator
		Debug|x64 = Debug|x64
		Debug|x86 = Debug|x86
		Release|Any CPU = Release|Any CPU
		Release|ARM = Release|ARM
		Release|iPhone = Release|iPhone
		Release|iPhoneSimulator = Release|iPhoneSimulator
		Release|x64 = Release|x64
		Release|x86 = Release|x86
	EndGlobalSection
	GlobalSection(ProjectConfigurationPlatforms) = postSolution
		{5A10C21C-8B0C-4FA0-83B0-9C37CC15EF4D}.Ad-Hoc|Any CPU.ActiveCfg = Release|Any CPU
		{5A10C21C-8B0C-4FA0-83B0-9C37CC15EF4D}.Ad-Hoc|Any CPU.Build.0 = Release|Any CPU
		{5A10C21C-8B0C-4FA0-83B0-9C37CC15EF4D}.Ad-Hoc|Any CPU.Deploy.0 = Release|Any CPU
		{5A10C21C-8B0C-4FA0-83B0-9C37CC15EF4D}.Ad-Hoc|ARM.ActiveCfg = Release|Any CPU
		{5A10C21C-8B0C-4FA0-83B0-9C37CC15EF4D}.Ad-Hoc|ARM.Build.0 = Release|Any CPU
		{5A10C21C-8B0C-4FA0-83B0-9C37CC15EF4D}.Ad-Hoc|ARM.Deploy.0 = Release|Any CPU
		{5A10C21C-8B0C-4FA0-83B0-9C37CC15EF4D}.Ad-Hoc|iPhone.ActiveCfg = Release|Any CPU
		{5A10C21C-8B0C-4FA0-83B0-9C37CC15EF4D}.Ad-Hoc|iPhone.Build.0 = Release|Any CPU
		{5A10C21C-8B0C-4FA0-83B0-9C37CC15EF4D}.Ad-Hoc|iPhone.Deploy.0 = Release|Any CPU
		{5A10C21C-8B0C-4FA0-83B0-9C37CC15EF4D}.Ad-Hoc|iPhoneSimulator.ActiveCfg = Release|Any CPU
		{5A10C21C-8B0C-4FA0-83B0-9C37CC15EF4D}.Ad-Hoc|iPhoneSimulator.Build.0 = Release|Any CPU
		{5A10C21C-8B0C-4FA0-83B0-9C37CC15EF4D}.Ad-Hoc|iPhoneSimulator.Deploy.0 = Release|Any CPU
		{5A10C21C-8B0C-4FA0-83B0-9C37CC15EF4D}.Ad-Hoc|x64.ActiveCfg = Release|Any CPU
		{5A10C21C-8B0C-4FA0-83B0-9C37CC15EF4D}.Ad-Hoc|x64.Build.0 = Release|Any CPU
		{5A10C21C-8B0C-4FA0-83B0-9C37CC15EF4D}.Ad-Hoc|x64.Deploy.0 = Release|Any CPU
		{5A10C21C-8B0C-4FA0-83B0-9C37CC15EF4D}.Ad-Hoc|x86.ActiveCfg = Release|Any CPU
		{5A10C21C-8B0C-4FA0-83B0-9C37CC15EF4D}.Ad-Hoc|x86.Build.0 = Release|Any CPU
		{5A10C21C-8B0C-4FA0-83B0-9C37CC15EF4D}.Ad-Hoc|x86.Deploy.0 = Release|Any CPU
		{5A10C21C-8B0C-4FA0-83B0-9C37CC15EF4D}.AppStore|Any CPU.ActiveCfg = Release|Any CPU
		{5A10C21C-8B0C-4FA0-83B0-9C37CC15EF4D}.AppStore|Any CPU.Build.0 = Release|Any CPU
		{5A10C21C-8B0C-4FA0-83B0-9C37CC15EF4D}.AppStore|Any CPU.Deploy.0 = Release|Any CPU
		{5A10C21C-8B0C-4FA0-83B0-9C37CC15EF4D}.AppStore|ARM.ActiveCfg = Release|Any CPU
		{5A10C21C-8B0C-4FA0-83B0-9C37CC15EF4D}.AppStore|ARM.Build.0 = Release|Any CPU
		{5A10C21C-8B0C-4FA0-83B0-9C37CC15EF4D}.AppStore|ARM.Deploy.0 = Release|Any CPU
		{5A10C21C-8B0C-4FA0-83B0-9C37CC15EF4D}.AppStore|iPhone.ActiveCfg = Release|Any CPU
		{5A10C21C-8B0C-4FA0-83B0-9C37CC15EF4D}.AppStore|iPhone.Build.0 = Release|Any CPU
		{5A10C21C-8B0C-4FA0-83B0-9C37CC15EF4D}.AppStore|iPhone.Deploy.0 = Release|Any CPU
		{5A10C21C-8B0C-4FA0-83B0-9C37CC15EF4D}.AppStore|iPhoneSimulator.ActiveCfg = Release|Any CPU
		{5A10C21C-8B0C-4FA0-83B0-9C37CC15EF4D}.AppStore|iPhoneSimulator.Build.0 = Release|Any CPU
		{5A10C21C-8B0C-4FA0-83B0-9C37CC15EF4D}.AppStore|iPhoneSimulator.Deploy.0 = Release|Any CPU
		{5A10C21C-8B0C-4FA0-83B0-9C37CC15EF4D}.AppStore|x64.ActiveCfg = Release|Any CPU
		{5A10C21C-8B0C-4FA0-83B0-9C37CC15EF4D}.AppStore|x64.Build.0 = Release|Any CPU
		{5A10C21C-8B0C-4FA0-83B0-9C37CC15EF4D}.AppStore|x64.Deploy.0 = Release|Any CPU
		{5A10C21C-8B0C-4FA0-83B0-9C37CC15EF4D}.AppStore|x86.ActiveCfg = Release|Any CPU
		{5A10C21C-8B0C-4FA0-83B0-9C37CC15EF4D}.AppStore|x86.Build.0 = Release|Any CPU
		{5A10C21C-8B0C-4FA0-83B0-9C37CC15EF4D}.AppStore|x86.Deploy.0 = Release|Any CPU
		{5A10C21C-8B0C-4FA0-83B0-9C37CC15EF4D}.Debug|Any CPU.ActiveCfg = Debug|Any CPU
		{5A10C21C-8B0C-4FA0-83B0-9C37CC15EF4D}.Debug|Any CPU.Build.0 = Debug|Any CPU
		{5A10C21C-8B0C-4FA0-83B0-9C37CC15EF4D}.Debug|Any CPU.Deploy.0 = Debug|Any CPU
		{5A10C21C-8B0C-4FA0-83B0-9C37CC15EF4D}.Debug|ARM.ActiveCfg = Debug|Any CPU
		{5A10C21C-8B0C-4FA0-83B0-9C37CC15EF4D}.Debug|ARM.Build.0 = Debug|Any CPU
		{5A10C21C-8B0C-4FA0-83B0-9C37CC15EF4D}.Debug|ARM.Deploy.0 = Debug|Any CPU
		{5A10C21C-8B0C-4FA0-83B0-9C37CC15EF4D}.Debug|iPhone.ActiveCfg = Debug|Any CPU
		{5A10C21C-8B0C-4FA0-83B0-9C37CC15EF4D}.Debug|iPhone.Build.0 = Debug|Any CPU
		{5A10C21C-8B0C-4FA0-83B0-9C37CC15EF4D}.Debug|iPhone.Deploy.0 = Debug|Any CPU
		{5A10C21C-8B0C-4FA0-83B0-9C37CC15EF4D}.Debug|iPhoneSimulator.ActiveCfg = Debug|Any CPU
		{5A10C21C-8B0C-4FA0-83B0-9C37CC15EF4D}.Debug|iPhoneSimulator.Build.0 = Debug|Any CPU
		{5A10C21C-8B0C-4FA0-83B0-9C37CC15EF4D}.Debug|iPhoneSimulator.Deploy.0 = Debug|Any CPU
		{5A10C21C-8B0C-4FA0-83B0-9C37CC15EF4D}.Debug|x64.ActiveCfg = Debug|Any CPU
		{5A10C21C-8B0C-4FA0-83B0-9C37CC15EF4D}.Debug|x64.Build.0 = Debug|Any CPU
		{5A10C21C-8B0C-4FA0-83B0-9C37CC15EF4D}.Debug|x64.Deploy.0 = Debug|Any CPU
		{5A10C21C-8B0C-4FA0-83B0-9C37CC15EF4D}.Debug|x86.ActiveCfg = Debug|Any CPU
		{5A10C21C-8B0C-4FA0-83B0-9C37CC15EF4D}.Debug|x86.Build.0 = Debug|Any CPU
		{5A10C21C-8B0C-4FA0-83B0-9C37CC15EF4D}.Debug|x86.Deploy.0 = Debug|Any CPU
		{5A10C21C-8B0C-4FA0-83B0-9C37CC15EF4D}.Release|Any CPU.ActiveCfg = Release|Any CPU
		{5A10C21C-8B0C-4FA0-83B0-9C37CC15EF4D}.Release|Any CPU.Build.0 = Release|Any CPU
		{5A10C21C-8B0C-4FA0-83B0-9C37CC15EF4D}.Release|Any CPU.Deploy.0 = Release|Any CPU
		{5A10C21C-8B0C-4FA0-83B0-9C37CC15EF4D}.Release|ARM.ActiveCfg = Release|Any CPU
		{5A10C21C-8B0C-4FA0-83B0-9C37CC15EF4D}.Release|ARM.Build.0 = Release|Any CPU
		{5A10C21C-8B0C-4FA0-83B0-9C37CC15EF4D}.Release|ARM.Deploy.0 = Release|Any CPU
		{5A10C21C-8B0C-4FA0-83B0-9C37CC15EF4D}.Release|iPhone.ActiveCfg = Release|Any CPU
		{5A10C21C-8B0C-4FA0-83B0-9C37CC15EF4D}.Release|iPhone.Build.0 = Release|Any CPU
		{5A10C21C-8B0C-4FA0-83B0-9C37CC15EF4D}.Release|iPhone.Deploy.0 = Release|Any CPU
		{5A10C21C-8B0C-4FA0-83B0-9C37CC15EF4D}.Release|iPhoneSimulator.ActiveCfg = Release|Any CPU
		{5A10C21C-8B0C-4FA0-83B0-9C37CC15EF4D}.Release|iPhoneSimulator.Build.0 = Release|Any CPU
		{5A10C21C-8B0C-4FA0-83B0-9C37CC15EF4D}.Release|iPhoneSimulator.Deploy.0 = Release|Any CPU
		{5A10C21C-8B0C-4FA0-83B0-9C37CC15EF4D}.Release|x64.ActiveCfg = Release|Any CPU
		{5A10C21C-8B0C-4FA0-83B0-9C37CC15EF4D}.Release|x64.Build.0 = Release|Any CPU
		{5A10C21C-8B0C-4FA0-83B0-9C37CC15EF4D}.Release|x64.Deploy.0 = Release|Any CPU
		{5A10C21C-8B0C-4FA0-83B0-9C37CC15EF4D}.Release|x86.ActiveCfg = Release|Any CPU
		{5A10C21C-8B0C-4FA0-83B0-9C37CC15EF4D}.Release|x86.Build.0 = Release|Any CPU
		{5A10C21C-8B0C-4FA0-83B0-9C37CC15EF4D}.Release|x86.Deploy.0 = Release|Any CPU
		{D813C023-D27A-4217-9230-4658C4DFFD7F}.Ad-Hoc|Any CPU.ActiveCfg = Release|Any CPU
		{D813C023-D27A-4217-9230-4658C4DFFD7F}.Ad-Hoc|Any CPU.Build.0 = Release|Any CPU
		{D813C023-D27A-4217-9230-4658C4DFFD7F}.Ad-Hoc|ARM.ActiveCfg = Release|Any CPU
		{D813C023-D27A-4217-9230-4658C4DFFD7F}.Ad-Hoc|ARM.Build.0 = Release|Any CPU
		{D813C023-D27A-4217-9230-4658C4DFFD7F}.Ad-Hoc|iPhone.ActiveCfg = Release|Any CPU
		{D813C023-D27A-4217-9230-4658C4DFFD7F}.Ad-Hoc|iPhone.Build.0 = Release|Any CPU
		{D813C023-D27A-4217-9230-4658C4DFFD7F}.Ad-Hoc|iPhoneSimulator.ActiveCfg = Release|Any CPU
		{D813C023-D27A-4217-9230-4658C4DFFD7F}.Ad-Hoc|iPhoneSimulator.Build.0 = Release|Any CPU
		{D813C023-D27A-4217-9230-4658C4DFFD7F}.Ad-Hoc|x64.ActiveCfg = Release|Any CPU
		{D813C023-D27A-4217-9230-4658C4DFFD7F}.Ad-Hoc|x64.Build.0 = Release|Any CPU
		{D813C023-D27A-4217-9230-4658C4DFFD7F}.Ad-Hoc|x86.ActiveCfg = Release|Any CPU
		{D813C023-D27A-4217-9230-4658C4DFFD7F}.Ad-Hoc|x86.Build.0 = Release|Any CPU
		{D813C023-D27A-4217-9230-4658C4DFFD7F}.AppStore|Any CPU.ActiveCfg = Release|Any CPU
		{D813C023-D27A-4217-9230-4658C4DFFD7F}.AppStore|Any CPU.Build.0 = Release|Any CPU
		{D813C023-D27A-4217-9230-4658C4DFFD7F}.AppStore|ARM.ActiveCfg = Release|Any CPU
		{D813C023-D27A-4217-9230-4658C4DFFD7F}.AppStore|ARM.Build.0 = Release|Any CPU
		{D813C023-D27A-4217-9230-4658C4DFFD7F}.AppStore|iPhone.ActiveCfg = Release|Any CPU
		{D813C023-D27A-4217-9230-4658C4DFFD7F}.AppStore|iPhone.Build.0 = Release|Any CPU
		{D813C023-D27A-4217-9230-4658C4DFFD7F}.AppStore|iPhoneSimulator.ActiveCfg = Release|Any CPU
		{D813C023-D27A-4217-9230-4658C4DFFD7F}.AppStore|iPhoneSimulator.Build.0 = Release|Any CPU
		{D813C023-D27A-4217-9230-4658C4DFFD7F}.AppStore|x64.ActiveCfg = Release|Any CPU
		{D813C023-D27A-4217-9230-4658C4DFFD7F}.AppStore|x64.Build.0 = Release|Any CPU
		{D813C023-D27A-4217-9230-4658C4DFFD7F}.AppStore|x86.ActiveCfg = Release|Any CPU
		{D813C023-D27A-4217-9230-4658C4DFFD7F}.AppStore|x86.Build.0 = Release|Any CPU
		{D813C023-D27A-4217-9230-4658C4DFFD7F}.Debug|Any CPU.ActiveCfg = Debug|Any CPU
		{D813C023-D27A-4217-9230-4658C4DFFD7F}.Debug|Any CPU.Build.0 = Debug|Any CPU
		{D813C023-D27A-4217-9230-4658C4DFFD7F}.Debug|ARM.ActiveCfg = Debug|Any CPU
		{D813C023-D27A-4217-9230-4658C4DFFD7F}.Debug|ARM.Build.0 = Debug|Any CPU
		{D813C023-D27A-4217-9230-4658C4DFFD7F}.Debug|iPhone.ActiveCfg = Debug|Any CPU
		{D813C023-D27A-4217-9230-4658C4DFFD7F}.Debug|iPhone.Build.0 = Debug|Any CPU
		{D813C023-D27A-4217-9230-4658C4DFFD7F}.Debug|iPhoneSimulator.ActiveCfg = Debug|Any CPU
		{D813C023-D27A-4217-9230-4658C4DFFD7F}.Debug|iPhoneSimulator.Build.0 = Debug|Any CPU
		{D813C023-D27A-4217-9230-4658C4DFFD7F}.Debug|x64.ActiveCfg = Debug|Any CPU
		{D813C023-D27A-4217-9230-4658C4DFFD7F}.Debug|x64.Build.0 = Debug|Any CPU
		{D813C023-D27A-4217-9230-4658C4DFFD7F}.Debug|x86.ActiveCfg = Debug|Any CPU
		{D813C023-D27A-4217-9230-4658C4DFFD7F}.Debug|x86.Build.0 = Debug|Any CPU
		{D813C023-D27A-4217-9230-4658C4DFFD7F}.Release|Any CPU.ActiveCfg = Release|Any CPU
		{D813C023-D27A-4217-9230-4658C4DFFD7F}.Release|Any CPU.Build.0 = Release|Any CPU
		{D813C023-D27A-4217-9230-4658C4DFFD7F}.Release|ARM.ActiveCfg = Release|Any CPU
		{D813C023-D27A-4217-9230-4658C4DFFD7F}.Release|ARM.Build.0 = Release|Any CPU
		{D813C023-D27A-4217-9230-4658C4DFFD7F}.Release|iPhone.ActiveCfg = Release|Any CPU
		{D813C023-D27A-4217-9230-4658C4DFFD7F}.Release|iPhone.Build.0 = Release|Any CPU
		{D813C023-D27A-4217-9230-4658C4DFFD7F}.Release|iPhoneSimulator.ActiveCfg = Release|Any CPU
		{D813C023-D27A-4217-9230-4658C4DFFD7F}.Release|iPhoneSimulator.Build.0 = Release|Any CPU
		{D813C023-D27A-4217-9230-4658C4DFFD7F}.Release|x64.ActiveCfg = Release|Any CPU
		{D813C023-D27A-4217-9230-4658C4DFFD7F}.Release|x64.Build.0 = Release|Any CPU
		{D813C023-D27A-4217-9230-4658C4DFFD7F}.Release|x86.ActiveCfg = Release|Any CPU
		{D813C023-D27A-4217-9230-4658C4DFFD7F}.Release|x86.Build.0 = Release|Any CPU
		{20778533-37FC-40F5-AECB-A579929A2C5F}.Ad-Hoc|Any CPU.ActiveCfg = Release|x86
		{20778533-37FC-40F5-AECB-A579929A2C5F}.Ad-Hoc|Any CPU.Build.0 = Release|x86
		{20778533-37FC-40F5-AECB-A579929A2C5F}.Ad-Hoc|Any CPU.Deploy.0 = Release|x86
		{20778533-37FC-40F5-AECB-A579929A2C5F}.Ad-Hoc|ARM.ActiveCfg = Release|ARM
		{20778533-37FC-40F5-AECB-A579929A2C5F}.Ad-Hoc|ARM.Build.0 = Release|ARM
		{20778533-37FC-40F5-AECB-A579929A2C5F}.Ad-Hoc|ARM.Deploy.0 = Release|ARM
		{20778533-37FC-40F5-AECB-A579929A2C5F}.Ad-Hoc|iPhone.ActiveCfg = Release|x86
		{20778533-37FC-40F5-AECB-A579929A2C5F}.Ad-Hoc|iPhone.Build.0 = Release|x86
		{20778533-37FC-40F5-AECB-A579929A2C5F}.Ad-Hoc|iPhone.Deploy.0 = Release|x86
		{20778533-37FC-40F5-AECB-A579929A2C5F}.Ad-Hoc|iPhoneSimulator.ActiveCfg = Release|x86
		{20778533-37FC-40F5-AECB-A579929A2C5F}.Ad-Hoc|iPhoneSimulator.Build.0 = Release|x86
		{20778533-37FC-40F5-AECB-A579929A2C5F}.Ad-Hoc|iPhoneSimulator.Deploy.0 = Release|x86
		{20778533-37FC-40F5-AECB-A579929A2C5F}.Ad-Hoc|x64.ActiveCfg = Release|x64
		{20778533-37FC-40F5-AECB-A579929A2C5F}.Ad-Hoc|x64.Build.0 = Release|x64
		{20778533-37FC-40F5-AECB-A579929A2C5F}.Ad-Hoc|x64.Deploy.0 = Release|x64
		{20778533-37FC-40F5-AECB-A579929A2C5F}.Ad-Hoc|x86.ActiveCfg = Release|x86
		{20778533-37FC-40F5-AECB-A579929A2C5F}.Ad-Hoc|x86.Build.0 = Release|x86
		{20778533-37FC-40F5-AECB-A579929A2C5F}.Ad-Hoc|x86.Deploy.0 = Release|x86
		{20778533-37FC-40F5-AECB-A579929A2C5F}.AppStore|Any CPU.ActiveCfg = Release|x86
		{20778533-37FC-40F5-AECB-A579929A2C5F}.AppStore|Any CPU.Build.0 = Release|x86
		{20778533-37FC-40F5-AECB-A579929A2C5F}.AppStore|Any CPU.Deploy.0 = Release|x86
		{20778533-37FC-40F5-AECB-A579929A2C5F}.AppStore|ARM.ActiveCfg = Release|ARM
		{20778533-37FC-40F5-AECB-A579929A2C5F}.AppStore|ARM.Build.0 = Release|ARM
		{20778533-37FC-40F5-AECB-A579929A2C5F}.AppStore|ARM.Deploy.0 = Release|ARM
		{20778533-37FC-40F5-AECB-A579929A2C5F}.AppStore|iPhone.ActiveCfg = Release|x86
		{20778533-37FC-40F5-AECB-A579929A2C5F}.AppStore|iPhone.Build.0 = Release|x86
		{20778533-37FC-40F5-AECB-A579929A2C5F}.AppStore|iPhone.Deploy.0 = Release|x86
		{20778533-37FC-40F5-AECB-A579929A2C5F}.AppStore|iPhoneSimulator.ActiveCfg = Release|x86
		{20778533-37FC-40F5-AECB-A579929A2C5F}.AppStore|iPhoneSimulator.Build.0 = Release|x86
		{20778533-37FC-40F5-AECB-A579929A2C5F}.AppStore|iPhoneSimulator.Deploy.0 = Release|x86
		{20778533-37FC-40F5-AECB-A579929A2C5F}.AppStore|x64.ActiveCfg = Release|x64
		{20778533-37FC-40F5-AECB-A579929A2C5F}.AppStore|x64.Build.0 = Release|x64
		{20778533-37FC-40F5-AECB-A579929A2C5F}.AppStore|x64.Deploy.0 = Release|x64
		{20778533-37FC-40F5-AECB-A579929A2C5F}.AppStore|x86.ActiveCfg = Release|x86
		{20778533-37FC-40F5-AECB-A579929A2C5F}.AppStore|x86.Build.0 = Release|x86
		{20778533-37FC-40F5-AECB-A579929A2C5F}.AppStore|x86.Deploy.0 = Release|x86
		{20778533-37FC-40F5-AECB-A579929A2C5F}.Debug|Any CPU.ActiveCfg = Debug|x86
		{20778533-37FC-40F5-AECB-A579929A2C5F}.Debug|ARM.ActiveCfg = Debug|ARM
		{20778533-37FC-40F5-AECB-A579929A2C5F}.Debug|ARM.Build.0 = Debug|ARM
		{20778533-37FC-40F5-AECB-A579929A2C5F}.Debug|ARM.Deploy.0 = Debug|ARM
		{20778533-37FC-40F5-AECB-A579929A2C5F}.Debug|iPhone.ActiveCfg = Debug|x86
		{20778533-37FC-40F5-AECB-A579929A2C5F}.Debug|iPhoneSimulator.ActiveCfg = Debug|x86
		{20778533-37FC-40F5-AECB-A579929A2C5F}.Debug|x64.ActiveCfg = Debug|x64
		{20778533-37FC-40F5-AECB-A579929A2C5F}.Debug|x64.Build.0 = Debug|x64
		{20778533-37FC-40F5-AECB-A579929A2C5F}.Debug|x64.Deploy.0 = Debug|x64
		{20778533-37FC-40F5-AECB-A579929A2C5F}.Debug|x86.ActiveCfg = Debug|x86
		{20778533-37FC-40F5-AECB-A579929A2C5F}.Debug|x86.Build.0 = Debug|x86
		{20778533-37FC-40F5-AECB-A579929A2C5F}.Debug|x86.Deploy.0 = Debug|x86
		{20778533-37FC-40F5-AECB-A579929A2C5F}.Release|Any CPU.ActiveCfg = Release|x86
		{20778533-37FC-40F5-AECB-A579929A2C5F}.Release|ARM.ActiveCfg = Release|ARM
		{20778533-37FC-40F5-AECB-A579929A2C5F}.Release|ARM.Build.0 = Release|ARM
		{20778533-37FC-40F5-AECB-A579929A2C5F}.Release|ARM.Deploy.0 = Release|ARM
		{20778533-37FC-40F5-AECB-A579929A2C5F}.Release|iPhone.ActiveCfg = Release|x86
		{20778533-37FC-40F5-AECB-A579929A2C5F}.Release|iPhoneSimulator.ActiveCfg = Release|x86
		{20778533-37FC-40F5-AECB-A579929A2C5F}.Release|x64.ActiveCfg = Release|x64
		{20778533-37FC-40F5-AECB-A579929A2C5F}.Release|x64.Build.0 = Release|x64
		{20778533-37FC-40F5-AECB-A579929A2C5F}.Release|x64.Deploy.0 = Release|x64
		{20778533-37FC-40F5-AECB-A579929A2C5F}.Release|x86.ActiveCfg = Release|x86
		{20778533-37FC-40F5-AECB-A579929A2C5F}.Release|x86.Build.0 = Release|x86
		{20778533-37FC-40F5-AECB-A579929A2C5F}.Release|x86.Deploy.0 = Release|x86
		{69A89850-C510-4842-86F8-FAD6DB6B8655}.Ad-Hoc|Any CPU.ActiveCfg = Ad-Hoc|iPhone
		{69A89850-C510-4842-86F8-FAD6DB6B8655}.Ad-Hoc|ARM.ActiveCfg = Ad-Hoc|iPhone
		{69A89850-C510-4842-86F8-FAD6DB6B8655}.Ad-Hoc|iPhone.ActiveCfg = Ad-Hoc|iPhone
		{69A89850-C510-4842-86F8-FAD6DB6B8655}.Ad-Hoc|iPhone.Build.0 = Ad-Hoc|iPhone
		{69A89850-C510-4842-86F8-FAD6DB6B8655}.Ad-Hoc|iPhoneSimulator.ActiveCfg = Ad-Hoc|iPhoneSimulator
		{69A89850-C510-4842-86F8-FAD6DB6B8655}.Ad-Hoc|iPhoneSimulator.Build.0 = Ad-Hoc|iPhoneSimulator
		{69A89850-C510-4842-86F8-FAD6DB6B8655}.Ad-Hoc|x64.ActiveCfg = Ad-Hoc|iPhone
		{69A89850-C510-4842-86F8-FAD6DB6B8655}.Ad-Hoc|x86.ActiveCfg = Ad-Hoc|iPhone
		{69A89850-C510-4842-86F8-FAD6DB6B8655}.AppStore|Any CPU.ActiveCfg = AppStore|iPhone
		{69A89850-C510-4842-86F8-FAD6DB6B8655}.AppStore|ARM.ActiveCfg = AppStore|iPhone
		{69A89850-C510-4842-86F8-FAD6DB6B8655}.AppStore|iPhone.ActiveCfg = AppStore|iPhone
		{69A89850-C510-4842-86F8-FAD6DB6B8655}.AppStore|iPhone.Build.0 = AppStore|iPhone
		{69A89850-C510-4842-86F8-FAD6DB6B8655}.AppStore|iPhoneSimulator.ActiveCfg = AppStore|iPhoneSimulator
		{69A89850-C510-4842-86F8-FAD6DB6B8655}.AppStore|iPhoneSimulator.Build.0 = AppStore|iPhoneSimulator
		{69A89850-C510-4842-86F8-FAD6DB6B8655}.AppStore|x64.ActiveCfg = AppStore|iPhone
		{69A89850-C510-4842-86F8-FAD6DB6B8655}.AppStore|x86.ActiveCfg = AppStore|iPhone
		{69A89850-C510-4842-86F8-FAD6DB6B8655}.Debug|Any CPU.ActiveCfg = Debug|iPhone
		{69A89850-C510-4842-86F8-FAD6DB6B8655}.Debug|ARM.ActiveCfg = Debug|iPhone
		{69A89850-C510-4842-86F8-FAD6DB6B8655}.Debug|iPhone.ActiveCfg = Debug|iPhone
		{69A89850-C510-4842-86F8-FAD6DB6B8655}.Debug|iPhone.Build.0 = Debug|iPhone
		{69A89850-C510-4842-86F8-FAD6DB6B8655}.Debug|iPhoneSimulator.ActiveCfg = Debug|iPhoneSimulator
		{69A89850-C510-4842-86F8-FAD6DB6B8655}.Debug|iPhoneSimulator.Build.0 = Debug|iPhoneSimulator
		{69A89850-C510-4842-86F8-FAD6DB6B8655}.Debug|x64.ActiveCfg = Debug|iPhone
		{69A89850-C510-4842-86F8-FAD6DB6B8655}.Debug|x86.ActiveCfg = Debug|iPhone
		{69A89850-C510-4842-86F8-FAD6DB6B8655}.Release|Any CPU.ActiveCfg = Release|iPhone
		{69A89850-C510-4842-86F8-FAD6DB6B8655}.Release|ARM.ActiveCfg = Release|iPhone
		{69A89850-C510-4842-86F8-FAD6DB6B8655}.Release|iPhone.ActiveCfg = Release|iPhone
		{69A89850-C510-4842-86F8-FAD6DB6B8655}.Release|iPhone.Build.0 = Release|iPhone
		{69A89850-C510-4842-86F8-FAD6DB6B8655}.Release|iPhoneSimulator.ActiveCfg = Release|iPhoneSimulator
		{69A89850-C510-4842-86F8-FAD6DB6B8655}.Release|iPhoneSimulator.Build.0 = Release|iPhoneSimulator
		{69A89850-C510-4842-86F8-FAD6DB6B8655}.Release|x64.ActiveCfg = Release|iPhone
		{69A89850-C510-4842-86F8-FAD6DB6B8655}.Release|x86.ActiveCfg = Release|iPhone
		{C7232A4E-4725-46DB-9061-849F793A0146}.Ad-Hoc|Any CPU.ActiveCfg = Release|Any CPU
		{C7232A4E-4725-46DB-9061-849F793A0146}.Ad-Hoc|Any CPU.Build.0 = Release|Any CPU
		{C7232A4E-4725-46DB-9061-849F793A0146}.Ad-Hoc|ARM.ActiveCfg = Release|Any CPU
		{C7232A4E-4725-46DB-9061-849F793A0146}.Ad-Hoc|ARM.Build.0 = Release|Any CPU
		{C7232A4E-4725-46DB-9061-849F793A0146}.Ad-Hoc|iPhone.ActiveCfg = Release|Any CPU
		{C7232A4E-4725-46DB-9061-849F793A0146}.Ad-Hoc|iPhone.Build.0 = Release|Any CPU
		{C7232A4E-4725-46DB-9061-849F793A0146}.Ad-Hoc|iPhoneSimulator.ActiveCfg = Release|Any CPU
		{C7232A4E-4725-46DB-9061-849F793A0146}.Ad-Hoc|iPhoneSimulator.Build.0 = Release|Any CPU
		{C7232A4E-4725-46DB-9061-849F793A0146}.Ad-Hoc|x64.ActiveCfg = Release|Any CPU
		{C7232A4E-4725-46DB-9061-849F793A0146}.Ad-Hoc|x64.Build.0 = Release|Any CPU
		{C7232A4E-4725-46DB-9061-849F793A0146}.Ad-Hoc|x86.ActiveCfg = Release|Any CPU
		{C7232A4E-4725-46DB-9061-849F793A0146}.Ad-Hoc|x86.Build.0 = Release|Any CPU
		{C7232A4E-4725-46DB-9061-849F793A0146}.AppStore|Any CPU.ActiveCfg = Release|Any CPU
		{C7232A4E-4725-46DB-9061-849F793A0146}.AppStore|Any CPU.Build.0 = Release|Any CPU
		{C7232A4E-4725-46DB-9061-849F793A0146}.AppStore|ARM.ActiveCfg = Release|Any CPU
		{C7232A4E-4725-46DB-9061-849F793A0146}.AppStore|ARM.Build.0 = Release|Any CPU
		{C7232A4E-4725-46DB-9061-849F793A0146}.AppStore|iPhone.ActiveCfg = Release|Any CPU
		{C7232A4E-4725-46DB-9061-849F793A0146}.AppStore|iPhone.Build.0 = Release|Any CPU
		{C7232A4E-4725-46DB-9061-849F793A0146}.AppStore|iPhoneSimulator.ActiveCfg = Release|Any CPU
		{C7232A4E-4725-46DB-9061-849F793A0146}.AppStore|iPhoneSimulator.Build.0 = Release|Any CPU
		{C7232A4E-4725-46DB-9061-849F793A0146}.AppStore|x64.ActiveCfg = Release|Any CPU
		{C7232A4E-4725-46DB-9061-849F793A0146}.AppStore|x64.Build.0 = Release|Any CPU
		{C7232A4E-4725-46DB-9061-849F793A0146}.AppStore|x86.ActiveCfg = Release|Any CPU
		{C7232A4E-4725-46DB-9061-849F793A0146}.AppStore|x86.Build.0 = Release|Any CPU
		{C7232A4E-4725-46DB-9061-849F793A0146}.Debug|Any CPU.ActiveCfg = Debug|Any CPU
		{C7232A4E-4725-46DB-9061-849F793A0146}.Debug|Any CPU.Build.0 = Debug|Any CPU
		{C7232A4E-4725-46DB-9061-849F793A0146}.Debug|ARM.ActiveCfg = Debug|Any CPU
		{C7232A4E-4725-46DB-9061-849F793A0146}.Debug|ARM.Build.0 = Debug|Any CPU
		{C7232A4E-4725-46DB-9061-849F793A0146}.Debug|iPhone.ActiveCfg = Debug|Any CPU
		{C7232A4E-4725-46DB-9061-849F793A0146}.Debug|iPhone.Build.0 = Debug|Any CPU
		{C7232A4E-4725-46DB-9061-849F793A0146}.Debug|iPhoneSimulator.ActiveCfg = Debug|Any CPU
		{C7232A4E-4725-46DB-9061-849F793A0146}.Debug|iPhoneSimulator.Build.0 = Debug|Any CPU
		{C7232A4E-4725-46DB-9061-849F793A0146}.Debug|x64.ActiveCfg = Debug|Any CPU
		{C7232A4E-4725-46DB-9061-849F793A0146}.Debug|x64.Build.0 = Debug|Any CPU
		{C7232A4E-4725-46DB-9061-849F793A0146}.Debug|x86.ActiveCfg = Debug|Any CPU
		{C7232A4E-4725-46DB-9061-849F793A0146}.Debug|x86.Build.0 = Debug|Any CPU
		{C7232A4E-4725-46DB-9061-849F793A0146}.Release|Any CPU.ActiveCfg = Release|Any CPU
		{C7232A4E-4725-46DB-9061-849F793A0146}.Release|Any CPU.Build.0 = Release|Any CPU
		{C7232A4E-4725-46DB-9061-849F793A0146}.Release|ARM.ActiveCfg = Release|Any CPU
		{C7232A4E-4725-46DB-9061-849F793A0146}.Release|ARM.Build.0 = Release|Any CPU
		{C7232A4E-4725-46DB-9061-849F793A0146}.Release|iPhone.ActiveCfg = Release|Any CPU
		{C7232A4E-4725-46DB-9061-849F793A0146}.Release|iPhone.Build.0 = Release|Any CPU
		{C7232A4E-4725-46DB-9061-849F793A0146}.Release|iPhoneSimulator.ActiveCfg = Release|Any CPU
		{C7232A4E-4725-46DB-9061-849F793A0146}.Release|iPhoneSimulator.Build.0 = Release|Any CPU
		{C7232A4E-4725-46DB-9061-849F793A0146}.Release|x64.ActiveCfg = Release|Any CPU
		{C7232A4E-4725-46DB-9061-849F793A0146}.Release|x64.Build.0 = Release|Any CPU
		{C7232A4E-4725-46DB-9061-849F793A0146}.Release|x86.ActiveCfg = Release|Any CPU
		{C7232A4E-4725-46DB-9061-849F793A0146}.Release|x86.Build.0 = Release|Any CPU
		{110C8C56-7E8F-4709-A265-3695712D277A}.Ad-Hoc|Any CPU.ActiveCfg = Release|Any CPU
		{110C8C56-7E8F-4709-A265-3695712D277A}.Ad-Hoc|Any CPU.Build.0 = Release|Any CPU
		{110C8C56-7E8F-4709-A265-3695712D277A}.Ad-Hoc|ARM.ActiveCfg = Release|Any CPU
		{110C8C56-7E8F-4709-A265-3695712D277A}.Ad-Hoc|ARM.Build.0 = Release|Any CPU
		{110C8C56-7E8F-4709-A265-3695712D277A}.Ad-Hoc|iPhone.ActiveCfg = Release|Any CPU
		{110C8C56-7E8F-4709-A265-3695712D277A}.Ad-Hoc|iPhone.Build.0 = Release|Any CPU
		{110C8C56-7E8F-4709-A265-3695712D277A}.Ad-Hoc|iPhoneSimulator.ActiveCfg = Release|Any CPU
		{110C8C56-7E8F-4709-A265-3695712D277A}.Ad-Hoc|iPhoneSimulator.Build.0 = Release|Any CPU
		{110C8C56-7E8F-4709-A265-3695712D277A}.Ad-Hoc|x64.ActiveCfg = Release|Any CPU
		{110C8C56-7E8F-4709-A265-3695712D277A}.Ad-Hoc|x64.Build.0 = Release|Any CPU
		{110C8C56-7E8F-4709-A265-3695712D277A}.Ad-Hoc|x86.ActiveCfg = Release|Any CPU
		{110C8C56-7E8F-4709-A265-3695712D277A}.Ad-Hoc|x86.Build.0 = Release|Any CPU
		{110C8C56-7E8F-4709-A265-3695712D277A}.AppStore|Any CPU.ActiveCfg = Release|Any CPU
		{110C8C56-7E8F-4709-A265-3695712D277A}.AppStore|Any CPU.Build.0 = Release|Any CPU
		{110C8C56-7E8F-4709-A265-3695712D277A}.AppStore|ARM.ActiveCfg = Release|Any CPU
		{110C8C56-7E8F-4709-A265-3695712D277A}.AppStore|ARM.Build.0 = Release|Any CPU
		{110C8C56-7E8F-4709-A265-3695712D277A}.AppStore|iPhone.ActiveCfg = Release|Any CPU
		{110C8C56-7E8F-4709-A265-3695712D277A}.AppStore|iPhone.Build.0 = Release|Any CPU
		{110C8C56-7E8F-4709-A265-3695712D277A}.AppStore|iPhoneSimulator.ActiveCfg = Release|Any CPU
		{110C8C56-7E8F-4709-A265-3695712D277A}.AppStore|iPhoneSimulator.Build.0 = Release|Any CPU
		{110C8C56-7E8F-4709-A265-3695712D277A}.AppStore|x64.ActiveCfg = Release|Any CPU
		{110C8C56-7E8F-4709-A265-3695712D277A}.AppStore|x64.Build.0 = Release|Any CPU
		{110C8C56-7E8F-4709-A265-3695712D277A}.AppStore|x86.ActiveCfg = Release|Any CPU
		{110C8C56-7E8F-4709-A265-3695712D277A}.AppStore|x86.Build.0 = Release|Any CPU
		{110C8C56-7E8F-4709-A265-3695712D277A}.Debug|Any CPU.ActiveCfg = Debug|Any CPU
		{110C8C56-7E8F-4709-A265-3695712D277A}.Debug|Any CPU.Build.0 = Debug|Any CPU
		{110C8C56-7E8F-4709-A265-3695712D277A}.Debug|ARM.ActiveCfg = Debug|Any CPU
		{110C8C56-7E8F-4709-A265-3695712D277A}.Debug|ARM.Build.0 = Debug|Any CPU
		{110C8C56-7E8F-4709-A265-3695712D277A}.Debug|iPhone.ActiveCfg = Debug|Any CPU
		{110C8C56-7E8F-4709-A265-3695712D277A}.Debug|iPhone.Build.0 = Debug|Any CPU
		{110C8C56-7E8F-4709-A265-3695712D277A}.Debug|iPhoneSimulator.ActiveCfg = Debug|Any CPU
		{110C8C56-7E8F-4709-A265-3695712D277A}.Debug|iPhoneSimulator.Build.0 = Debug|Any CPU
		{110C8C56-7E8F-4709-A265-3695712D277A}.Debug|x64.ActiveCfg = Debug|Any CPU
		{110C8C56-7E8F-4709-A265-3695712D277A}.Debug|x64.Build.0 = Debug|Any CPU
		{110C8C56-7E8F-4709-A265-3695712D277A}.Debug|x86.ActiveCfg = Debug|Any CPU
		{110C8C56-7E8F-4709-A265-3695712D277A}.Debug|x86.Build.0 = Debug|Any CPU
		{110C8C56-7E8F-4709-A265-3695712D277A}.Release|Any CPU.ActiveCfg = Release|Any CPU
		{110C8C56-7E8F-4709-A265-3695712D277A}.Release|Any CPU.Build.0 = Release|Any CPU
		{110C8C56-7E8F-4709-A265-3695712D277A}.Release|ARM.ActiveCfg = Release|Any CPU
		{110C8C56-7E8F-4709-A265-3695712D277A}.Release|ARM.Build.0 = Release|Any CPU
		{110C8C56-7E8F-4709-A265-3695712D277A}.Release|iPhone.ActiveCfg = Release|Any CPU
		{110C8C56-7E8F-4709-A265-3695712D277A}.Release|iPhone.Build.0 = Release|Any CPU
		{110C8C56-7E8F-4709-A265-3695712D277A}.Release|iPhoneSimulator.ActiveCfg = Release|Any CPU
		{110C8C56-7E8F-4709-A265-3695712D277A}.Release|iPhoneSimulator.Build.0 = Release|Any CPU
		{110C8C56-7E8F-4709-A265-3695712D277A}.Release|x64.ActiveCfg = Release|Any CPU
		{110C8C56-7E8F-4709-A265-3695712D277A}.Release|x64.Build.0 = Release|Any CPU
		{110C8C56-7E8F-4709-A265-3695712D277A}.Release|x86.ActiveCfg = Release|Any CPU
		{110C8C56-7E8F-4709-A265-3695712D277A}.Release|x86.Build.0 = Release|Any CPU
		{F7B26B49-1283-4560-B988-3BC370DC0C0B}.Ad-Hoc|Any CPU.ActiveCfg = Release|Any CPU
		{F7B26B49-1283-4560-B988-3BC370DC0C0B}.Ad-Hoc|Any CPU.Build.0 = Release|Any CPU
		{F7B26B49-1283-4560-B988-3BC370DC0C0B}.Ad-Hoc|ARM.ActiveCfg = Release|Any CPU
		{F7B26B49-1283-4560-B988-3BC370DC0C0B}.Ad-Hoc|ARM.Build.0 = Release|Any CPU
		{F7B26B49-1283-4560-B988-3BC370DC0C0B}.Ad-Hoc|iPhone.ActiveCfg = Release|Any CPU
		{F7B26B49-1283-4560-B988-3BC370DC0C0B}.Ad-Hoc|iPhone.Build.0 = Release|Any CPU
		{F7B26B49-1283-4560-B988-3BC370DC0C0B}.Ad-Hoc|iPhoneSimulator.ActiveCfg = Release|Any CPU
		{F7B26B49-1283-4560-B988-3BC370DC0C0B}.Ad-Hoc|iPhoneSimulator.Build.0 = Release|Any CPU
		{F7B26B49-1283-4560-B988-3BC370DC0C0B}.Ad-Hoc|x64.ActiveCfg = Release|Any CPU
		{F7B26B49-1283-4560-B988-3BC370DC0C0B}.Ad-Hoc|x64.Build.0 = Release|Any CPU
		{F7B26B49-1283-4560-B988-3BC370DC0C0B}.Ad-Hoc|x86.ActiveCfg = Release|Any CPU
		{F7B26B49-1283-4560-B988-3BC370DC0C0B}.Ad-Hoc|x86.Build.0 = Release|Any CPU
		{F7B26B49-1283-4560-B988-3BC370DC0C0B}.AppStore|Any CPU.ActiveCfg = Release|Any CPU
		{F7B26B49-1283-4560-B988-3BC370DC0C0B}.AppStore|Any CPU.Build.0 = Release|Any CPU
		{F7B26B49-1283-4560-B988-3BC370DC0C0B}.AppStore|ARM.ActiveCfg = Release|Any CPU
		{F7B26B49-1283-4560-B988-3BC370DC0C0B}.AppStore|ARM.Build.0 = Release|Any CPU
		{F7B26B49-1283-4560-B988-3BC370DC0C0B}.AppStore|iPhone.ActiveCfg = Release|Any CPU
		{F7B26B49-1283-4560-B988-3BC370DC0C0B}.AppStore|iPhone.Build.0 = Release|Any CPU
		{F7B26B49-1283-4560-B988-3BC370DC0C0B}.AppStore|iPhoneSimulator.ActiveCfg = Release|Any CPU
		{F7B26B49-1283-4560-B988-3BC370DC0C0B}.AppStore|iPhoneSimulator.Build.0 = Release|Any CPU
		{F7B26B49-1283-4560-B988-3BC370DC0C0B}.AppStore|x64.ActiveCfg = Release|Any CPU
		{F7B26B49-1283-4560-B988-3BC370DC0C0B}.AppStore|x64.Build.0 = Release|Any CPU
		{F7B26B49-1283-4560-B988-3BC370DC0C0B}.AppStore|x86.ActiveCfg = Release|Any CPU
		{F7B26B49-1283-4560-B988-3BC370DC0C0B}.AppStore|x86.Build.0 = Release|Any CPU
		{F7B26B49-1283-4560-B988-3BC370DC0C0B}.Debug|Any CPU.ActiveCfg = Debug|Any CPU
		{F7B26B49-1283-4560-B988-3BC370DC0C0B}.Debug|Any CPU.Build.0 = Debug|Any CPU
		{F7B26B49-1283-4560-B988-3BC370DC0C0B}.Debug|ARM.ActiveCfg = Debug|Any CPU
		{F7B26B49-1283-4560-B988-3BC370DC0C0B}.Debug|ARM.Build.0 = Debug|Any CPU
		{F7B26B49-1283-4560-B988-3BC370DC0C0B}.Debug|iPhone.ActiveCfg = Debug|Any CPU
		{F7B26B49-1283-4560-B988-3BC370DC0C0B}.Debug|iPhone.Build.0 = Debug|Any CPU
		{F7B26B49-1283-4560-B988-3BC370DC0C0B}.Debug|iPhoneSimulator.ActiveCfg = Debug|Any CPU
		{F7B26B49-1283-4560-B988-3BC370DC0C0B}.Debug|iPhoneSimulator.Build.0 = Debug|Any CPU
		{F7B26B49-1283-4560-B988-3BC370DC0C0B}.Debug|x64.ActiveCfg = Debug|Any CPU
		{F7B26B49-1283-4560-B988-3BC370DC0C0B}.Debug|x64.Build.0 = Debug|Any CPU
		{F7B26B49-1283-4560-B988-3BC370DC0C0B}.Debug|x86.ActiveCfg = Debug|Any CPU
		{F7B26B49-1283-4560-B988-3BC370DC0C0B}.Debug|x86.Build.0 = Debug|Any CPU
		{F7B26B49-1283-4560-B988-3BC370DC0C0B}.Release|Any CPU.ActiveCfg = Release|Any CPU
		{F7B26B49-1283-4560-B988-3BC370DC0C0B}.Release|Any CPU.Build.0 = Release|Any CPU
		{F7B26B49-1283-4560-B988-3BC370DC0C0B}.Release|ARM.ActiveCfg = Release|Any CPU
		{F7B26B49-1283-4560-B988-3BC370DC0C0B}.Release|ARM.Build.0 = Release|Any CPU
		{F7B26B49-1283-4560-B988-3BC370DC0C0B}.Release|iPhone.ActiveCfg = Release|Any CPU
		{F7B26B49-1283-4560-B988-3BC370DC0C0B}.Release|iPhone.Build.0 = Release|Any CPU
		{F7B26B49-1283-4560-B988-3BC370DC0C0B}.Release|iPhoneSimulator.ActiveCfg = Release|Any CPU
		{F7B26B49-1283-4560-B988-3BC370DC0C0B}.Release|iPhoneSimulator.Build.0 = Release|Any CPU
		{F7B26B49-1283-4560-B988-3BC370DC0C0B}.Release|x64.ActiveCfg = Release|Any CPU
		{F7B26B49-1283-4560-B988-3BC370DC0C0B}.Release|x64.Build.0 = Release|Any CPU
		{F7B26B49-1283-4560-B988-3BC370DC0C0B}.Release|x86.ActiveCfg = Release|Any CPU
		{F7B26B49-1283-4560-B988-3BC370DC0C0B}.Release|x86.Build.0 = Release|Any CPU
		{B53B5FF6-9DB2-48FC-A1E8-676472597073}.Ad-Hoc|Any CPU.ActiveCfg = Release|Any CPU
		{B53B5FF6-9DB2-48FC-A1E8-676472597073}.Ad-Hoc|Any CPU.Build.0 = Release|Any CPU
		{B53B5FF6-9DB2-48FC-A1E8-676472597073}.Ad-Hoc|ARM.ActiveCfg = Release|Any CPU
		{B53B5FF6-9DB2-48FC-A1E8-676472597073}.Ad-Hoc|ARM.Build.0 = Release|Any CPU
		{B53B5FF6-9DB2-48FC-A1E8-676472597073}.Ad-Hoc|iPhone.ActiveCfg = Release|Any CPU
		{B53B5FF6-9DB2-48FC-A1E8-676472597073}.Ad-Hoc|iPhone.Build.0 = Release|Any CPU
		{B53B5FF6-9DB2-48FC-A1E8-676472597073}.Ad-Hoc|iPhoneSimulator.ActiveCfg = Release|Any CPU
		{B53B5FF6-9DB2-48FC-A1E8-676472597073}.Ad-Hoc|iPhoneSimulator.Build.0 = Release|Any CPU
		{B53B5FF6-9DB2-48FC-A1E8-676472597073}.Ad-Hoc|x64.ActiveCfg = Release|Any CPU
		{B53B5FF6-9DB2-48FC-A1E8-676472597073}.Ad-Hoc|x64.Build.0 = Release|Any CPU
		{B53B5FF6-9DB2-48FC-A1E8-676472597073}.Ad-Hoc|x86.ActiveCfg = Release|Any CPU
		{B53B5FF6-9DB2-48FC-A1E8-676472597073}.Ad-Hoc|x86.Build.0 = Release|Any CPU
		{B53B5FF6-9DB2-48FC-A1E8-676472597073}.AppStore|Any CPU.ActiveCfg = Release|Any CPU
		{B53B5FF6-9DB2-48FC-A1E8-676472597073}.AppStore|Any CPU.Build.0 = Release|Any CPU
		{B53B5FF6-9DB2-48FC-A1E8-676472597073}.AppStore|ARM.ActiveCfg = Release|Any CPU
		{B53B5FF6-9DB2-48FC-A1E8-676472597073}.AppStore|ARM.Build.0 = Release|Any CPU
		{B53B5FF6-9DB2-48FC-A1E8-676472597073}.AppStore|iPhone.ActiveCfg = Release|Any CPU
		{B53B5FF6-9DB2-48FC-A1E8-676472597073}.AppStore|iPhone.Build.0 = Release|Any CPU
		{B53B5FF6-9DB2-48FC-A1E8-676472597073}.AppStore|iPhoneSimulator.ActiveCfg = Release|Any CPU
		{B53B5FF6-9DB2-48FC-A1E8-676472597073}.AppStore|iPhoneSimulator.Build.0 = Release|Any CPU
		{B53B5FF6-9DB2-48FC-A1E8-676472597073}.AppStore|x64.ActiveCfg = Release|Any CPU
		{B53B5FF6-9DB2-48FC-A1E8-676472597073}.AppStore|x64.Build.0 = Release|Any CPU
		{B53B5FF6-9DB2-48FC-A1E8-676472597073}.AppStore|x86.ActiveCfg = Release|Any CPU
		{B53B5FF6-9DB2-48FC-A1E8-676472597073}.AppStore|x86.Build.0 = Release|Any CPU
		{B53B5FF6-9DB2-48FC-A1E8-676472597073}.Debug|Any CPU.ActiveCfg = Debug|Any CPU
		{B53B5FF6-9DB2-48FC-A1E8-676472597073}.Debug|Any CPU.Build.0 = Debug|Any CPU
		{B53B5FF6-9DB2-48FC-A1E8-676472597073}.Debug|ARM.ActiveCfg = Debug|Any CPU
		{B53B5FF6-9DB2-48FC-A1E8-676472597073}.Debug|ARM.Build.0 = Debug|Any CPU
		{B53B5FF6-9DB2-48FC-A1E8-676472597073}.Debug|iPhone.ActiveCfg = Debug|Any CPU
		{B53B5FF6-9DB2-48FC-A1E8-676472597073}.Debug|iPhone.Build.0 = Debug|Any CPU
		{B53B5FF6-9DB2-48FC-A1E8-676472597073}.Debug|iPhoneSimulator.ActiveCfg = Debug|Any CPU
		{B53B5FF6-9DB2-48FC-A1E8-676472597073}.Debug|iPhoneSimulator.Build.0 = Debug|Any CPU
		{B53B5FF6-9DB2-48FC-A1E8-676472597073}.Debug|x64.ActiveCfg = Debug|Any CPU
		{B53B5FF6-9DB2-48FC-A1E8-676472597073}.Debug|x64.Build.0 = Debug|Any CPU
		{B53B5FF6-9DB2-48FC-A1E8-676472597073}.Debug|x86.ActiveCfg = Debug|Any CPU
		{B53B5FF6-9DB2-48FC-A1E8-676472597073}.Debug|x86.Build.0 = Debug|Any CPU
		{B53B5FF6-9DB2-48FC-A1E8-676472597073}.Release|Any CPU.ActiveCfg = Release|Any CPU
		{B53B5FF6-9DB2-48FC-A1E8-676472597073}.Release|Any CPU.Build.0 = Release|Any CPU
		{B53B5FF6-9DB2-48FC-A1E8-676472597073}.Release|ARM.ActiveCfg = Release|Any CPU
		{B53B5FF6-9DB2-48FC-A1E8-676472597073}.Release|ARM.Build.0 = Release|Any CPU
		{B53B5FF6-9DB2-48FC-A1E8-676472597073}.Release|iPhone.ActiveCfg = Release|Any CPU
		{B53B5FF6-9DB2-48FC-A1E8-676472597073}.Release|iPhone.Build.0 = Release|Any CPU
		{B53B5FF6-9DB2-48FC-A1E8-676472597073}.Release|iPhoneSimulator.ActiveCfg = Release|Any CPU
		{B53B5FF6-9DB2-48FC-A1E8-676472597073}.Release|iPhoneSimulator.Build.0 = Release|Any CPU
		{B53B5FF6-9DB2-48FC-A1E8-676472597073}.Release|x64.ActiveCfg = Release|Any CPU
		{B53B5FF6-9DB2-48FC-A1E8-676472597073}.Release|x64.Build.0 = Release|Any CPU
		{B53B5FF6-9DB2-48FC-A1E8-676472597073}.Release|x86.ActiveCfg = Release|Any CPU
		{B53B5FF6-9DB2-48FC-A1E8-676472597073}.Release|x86.Build.0 = Release|Any CPU
		{8C77C2B3-84CF-4294-8745-416B80482CD0}.Ad-Hoc|Any CPU.ActiveCfg = Release|Any CPU
		{8C77C2B3-84CF-4294-8745-416B80482CD0}.Ad-Hoc|Any CPU.Build.0 = Release|Any CPU
		{8C77C2B3-84CF-4294-8745-416B80482CD0}.Ad-Hoc|ARM.ActiveCfg = Release|Any CPU
		{8C77C2B3-84CF-4294-8745-416B80482CD0}.Ad-Hoc|ARM.Build.0 = Release|Any CPU
		{8C77C2B3-84CF-4294-8745-416B80482CD0}.Ad-Hoc|iPhone.ActiveCfg = Release|Any CPU
		{8C77C2B3-84CF-4294-8745-416B80482CD0}.Ad-Hoc|iPhone.Build.0 = Release|Any CPU
		{8C77C2B3-84CF-4294-8745-416B80482CD0}.Ad-Hoc|iPhoneSimulator.ActiveCfg = Release|Any CPU
		{8C77C2B3-84CF-4294-8745-416B80482CD0}.Ad-Hoc|iPhoneSimulator.Build.0 = Release|Any CPU
		{8C77C2B3-84CF-4294-8745-416B80482CD0}.Ad-Hoc|x64.ActiveCfg = Release|Any CPU
		{8C77C2B3-84CF-4294-8745-416B80482CD0}.Ad-Hoc|x64.Build.0 = Release|Any CPU
		{8C77C2B3-84CF-4294-8745-416B80482CD0}.Ad-Hoc|x86.ActiveCfg = Release|Any CPU
		{8C77C2B3-84CF-4294-8745-416B80482CD0}.Ad-Hoc|x86.Build.0 = Release|Any CPU
		{8C77C2B3-84CF-4294-8745-416B80482CD0}.AppStore|Any CPU.ActiveCfg = Release|Any CPU
		{8C77C2B3-84CF-4294-8745-416B80482CD0}.AppStore|Any CPU.Build.0 = Release|Any CPU
		{8C77C2B3-84CF-4294-8745-416B80482CD0}.AppStore|ARM.ActiveCfg = Release|Any CPU
		{8C77C2B3-84CF-4294-8745-416B80482CD0}.AppStore|ARM.Build.0 = Release|Any CPU
		{8C77C2B3-84CF-4294-8745-416B80482CD0}.AppStore|iPhone.ActiveCfg = Release|Any CPU
		{8C77C2B3-84CF-4294-8745-416B80482CD0}.AppStore|iPhone.Build.0 = Release|Any CPU
		{8C77C2B3-84CF-4294-8745-416B80482CD0}.AppStore|iPhoneSimulator.ActiveCfg = Release|Any CPU
		{8C77C2B3-84CF-4294-8745-416B80482CD0}.AppStore|iPhoneSimulator.Build.0 = Release|Any CPU
		{8C77C2B3-84CF-4294-8745-416B80482CD0}.AppStore|x64.ActiveCfg = Release|Any CPU
		{8C77C2B3-84CF-4294-8745-416B80482CD0}.AppStore|x64.Build.0 = Release|Any CPU
		{8C77C2B3-84CF-4294-8745-416B80482CD0}.AppStore|x86.ActiveCfg = Release|Any CPU
		{8C77C2B3-84CF-4294-8745-416B80482CD0}.AppStore|x86.Build.0 = Release|Any CPU
		{8C77C2B3-84CF-4294-8745-416B80482CD0}.Debug|Any CPU.ActiveCfg = Debug|Any CPU
		{8C77C2B3-84CF-4294-8745-416B80482CD0}.Debug|Any CPU.Build.0 = Debug|Any CPU
		{8C77C2B3-84CF-4294-8745-416B80482CD0}.Debug|ARM.ActiveCfg = Debug|Any CPU
		{8C77C2B3-84CF-4294-8745-416B80482CD0}.Debug|ARM.Build.0 = Debug|Any CPU
		{8C77C2B3-84CF-4294-8745-416B80482CD0}.Debug|iPhone.ActiveCfg = Debug|Any CPU
		{8C77C2B3-84CF-4294-8745-416B80482CD0}.Debug|iPhone.Build.0 = Debug|Any CPU
		{8C77C2B3-84CF-4294-8745-416B80482CD0}.Debug|iPhoneSimulator.ActiveCfg = Debug|Any CPU
		{8C77C2B3-84CF-4294-8745-416B80482CD0}.Debug|iPhoneSimulator.Build.0 = Debug|Any CPU
		{8C77C2B3-84CF-4294-8745-416B80482CD0}.Debug|x64.ActiveCfg = Debug|Any CPU
		{8C77C2B3-84CF-4294-8745-416B80482CD0}.Debug|x64.Build.0 = Debug|Any CPU
		{8C77C2B3-84CF-4294-8745-416B80482CD0}.Debug|x86.ActiveCfg = Debug|Any CPU
		{8C77C2B3-84CF-4294-8745-416B80482CD0}.Debug|x86.Build.0 = Debug|Any CPU
		{8C77C2B3-84CF-4294-8745-416B80482CD0}.Release|Any CPU.ActiveCfg = Release|Any CPU
		{8C77C2B3-84CF-4294-8745-416B80482CD0}.Release|Any CPU.Build.0 = Release|Any CPU
		{8C77C2B3-84CF-4294-8745-416B80482CD0}.Release|ARM.ActiveCfg = Release|Any CPU
		{8C77C2B3-84CF-4294-8745-416B80482CD0}.Release|ARM.Build.0 = Release|Any CPU
		{8C77C2B3-84CF-4294-8745-416B80482CD0}.Release|iPhone.ActiveCfg = Release|Any CPU
		{8C77C2B3-84CF-4294-8745-416B80482CD0}.Release|iPhone.Build.0 = Release|Any CPU
		{8C77C2B3-84CF-4294-8745-416B80482CD0}.Release|iPhoneSimulator.ActiveCfg = Release|Any CPU
		{8C77C2B3-84CF-4294-8745-416B80482CD0}.Release|iPhoneSimulator.Build.0 = Release|Any CPU
		{8C77C2B3-84CF-4294-8745-416B80482CD0}.Release|x64.ActiveCfg = Release|Any CPU
		{8C77C2B3-84CF-4294-8745-416B80482CD0}.Release|x64.Build.0 = Release|Any CPU
		{8C77C2B3-84CF-4294-8745-416B80482CD0}.Release|x86.ActiveCfg = Release|Any CPU
		{8C77C2B3-84CF-4294-8745-416B80482CD0}.Release|x86.Build.0 = Release|Any CPU
	EndGlobalSection
	GlobalSection(SolutionProperties) = preSolution
		HideSolutionNode = FALSE
	EndGlobalSection
	GlobalSection(NestedProjects) = preSolution
		{5A10C21C-8B0C-4FA0-83B0-9C37CC15EF4D} = {8B32F5A7-1024-49F4-83DA-A200E2452E86}
		{D813C023-D27A-4217-9230-4658C4DFFD7F} = {2094F4F7-D1EA-480A-953F-36136C431FFB}
		{20778533-37FC-40F5-AECB-A579929A2C5F} = {8B32F5A7-1024-49F4-83DA-A200E2452E86}
		{69A89850-C510-4842-86F8-FAD6DB6B8655} = {8B32F5A7-1024-49F4-83DA-A200E2452E86}
		{C7232A4E-4725-46DB-9061-849F793A0146} = {2094F4F7-D1EA-480A-953F-36136C431FFB}
		{110C8C56-7E8F-4709-A265-3695712D277A} = {2094F4F7-D1EA-480A-953F-36136C431FFB}
		{F7B26B49-1283-4560-B988-3BC370DC0C0B} = {2094F4F7-D1EA-480A-953F-36136C431FFB}
		{B53B5FF6-9DB2-48FC-A1E8-676472597073} = {2094F4F7-D1EA-480A-953F-36136C431FFB}
		{8C77C2B3-84CF-4294-8745-416B80482CD0} = {2094F4F7-D1EA-480A-953F-36136C431FFB}
	EndGlobalSection
	GlobalSection(ExtensibilityGlobals) = postSolution
		SolutionGuid = {476187C1-42E8-4E9C-B7C4-BA266C5AB8EA}
	EndGlobalSection
EndGlobal
